
Microsoft Visual Studio Solution File, Format Version 12.00
# Visual Studio Version 17
VisualStudioVersion = 17.2.32630.192
MinimumVisualStudioVersion = 10.0.40219.1
Project("{FAE04EC0-301F-11D3-BF4B-00C04F79EFBC}") = "Framework", "Framework\Framework.csproj", "{56E56E9A-9DD4-4BF6-8C2F-54A37728106F}"
EndProject
Global
	GlobalSection(SolutionConfigurationPlatforms) = preSolution
		Debug|Any CPU = Debug|Any CPU
		Release|Any CPU = Release|Any CPU
	EndGlobalSection
	GlobalSection(ProjectConfigurationPlatforms) = postSolution
		{56E56E9A-9DD4-4BF6-8C2F-54A37728106F}.Debug|Any CPU.ActiveCfg = Debug|Any CPU
		{56E56E9A-9DD4-4BF6-8C2F-54A37728106F}.Debug|Any CPU.Build.0 = Debug|Any CPU
		{56E56E9A-9DD4-4BF6-8C2F-54A37728106F}.Release|Any CPU.ActiveCfg = Release|Any CPU
		{56E56E9A-9DD4-4BF6-8C2F-54A37728106F}.Release|Any CPU.Build.0 = Release|Any CPU
	EndGlobalSection
	GlobalSection(SolutionProperties) = preSolution
		HideSolutionNode = FALSE
	EndGlobalSection
	GlobalSection(ExtensibilityGlobals) = postSolution
		SolutionGuid = {3B1FC792-D88B-4404-82C7-40F3F5D86C81}
	EndGlobalSection
EndGlobal
